
Microsoft Visual Studio Solution File, Format Version 12.00
# Visual Studio Version 16
VisualStudioVersion = 16.0.31911.196
MinimumVisualStudioVersion = 10.0.40219.1
Project("{8BC9CEB8-8B4A-11D0-8D11-00A0C91BC942}") = "Educational Management System", "Educational Management System\Educational Management System.vcxproj", "{C27BFBD7-4877-46BE-8124-A25BF0C0EB00}"
EndProject
Global
	GlobalSection(SolutionConfigurationPlatforms) = preSolution
		Debug|x64 = Debug|x64
		Debug|x86 = Debug|x86
		Release|x64 = Release|x64
		Release|x86 = Release|x86
	EndGlobalSection
	GlobalSection(ProjectConfigurationPlatforms) = postSolution
		{C27BFBD7-4877-46BE-8124-A25BF0C0EB00}.Debug|x64.ActiveCfg = Debug|x64
		{C27BFBD7-4877-46BE-8124-A25BF0C0EB00}.Debug|x64.Build.0 = Debug|x64
		{C27BFBD7-4877-46BE-8124-A25BF0C0EB00}.Debug|x86.ActiveCfg = Debug|Win32
		{C27BFBD7-4877-46BE-8124-A25BF0C0EB00}.Debug|x86.Build.0 = Debug|Win32
		{C27BFBD7-4877-46BE-8124-A25BF0C0EB00}.Release|x64.ActiveCfg = Release|x64
		{C27BFBD7-4877-46BE-8124-A25BF0C0EB00}.Release|x64.Build.0 = Release|x64
		{C27BFBD7-4877-46BE-8124-A25BF0C0EB00}.Release|x86.ActiveCfg = Release|Win32
		{C27BFBD7-4877-46BE-8124-A25BF0C0EB00}.Release|x86.Build.0 = Release|Win32
	EndGlobalSection
	GlobalSection(SolutionProperties) = preSolution
		HideSolutionNode = FALSE
	EndGlobalSection
	GlobalSection(ExtensibilityGlobals) = postSolution
		SolutionGuid = {FDBD3B0C-03D4-4740-9A98-6057B2A7F174}
	EndGlobalSection
EndGlobal
